{
    "version": 3,
    "terraform_version": "0.8.7",
    "serial": 73,
    "lineage": "ef6257c0-7857-4cec-963e-419533873510",
    "modules": [
        {
            "path": [
                "root"
            ],
            "outputs": {
                "app_instance_id": {
                    "sensitive": false,
                    "type": "string",
                    "value": "00abb5f1-9b03-41a5-94bb-a91c38069630"
                },
                "app_instance_name": {
                    "sensitive": false,
                    "type": "string",
                    "value": "idan-s4h-app"
                }
            },
            "resources": {
                "null_resource.app": {
                    "type": "null_resource",
                    "depends_on": [
                        "openstack_compute_instance_v2.app_instance",
                        "openstack_compute_instance_v2.app_instance",
                        "openstack_compute_instance_v2.app_instance",
                        "openstack_compute_instance_v2.app_instance",
                        "openstack_networking_floatingip_v2.app_ip",
                        "openstack_networking_floatingip_v2.app_ip",
                        "openstack_networking_floatingip_v2.app_ip",
                        "openstack_networking_floatingip_v2.app_ip"
                    ],
                    "primary": {
                        "id": "5158001894288882434",
                        "attributes": {
                            "id": "5158001894288882434",
                            "triggers.%": "1",
                            "triggers.web_instance_id": "00abb5f1-9b03-41a5-94bb-a91c38069630"
                        },
                        "meta": {},
                        "tainted": false
                    },
                    "deposed": [],
                    "provider": ""
                },
                "null_resource.db": {
                    "type": "null_resource",
                    "depends_on": [
                        "openstack_compute_instance_v2.db_instance",
                        "openstack_compute_instance_v2.db_instance",
                        "openstack_compute_instance_v2.db_instance",
                        "openstack_compute_instance_v2.db_instance",
                        "openstack_networking_floatingip_v2.db_ip",
                        "openstack_networking_floatingip_v2.db_ip",
                        "openstack_networking_floatingip_v2.db_ip",
                        "openstack_networking_floatingip_v2.db_ip"
                    ],
                    "primary": {
                        "id": "9079443537491286157",
                        "attributes": {
                            "id": "9079443537491286157",
                            "triggers.%": "1",
                            "triggers.db_instance_id": "b31a2c10-3d94-42c4-b9a4-8ac66aa666ce"
                        },
                        "meta": {},
                        "tainted": false
                    },
                    "deposed": [],
                    "provider": ""
                },
                "openstack_blockstorage_volume_v2.vol_app": {
                    "type": "openstack_blockstorage_volume_v2",
                    "depends_on": [],
                    "primary": {
                        "id": "cc91e36b-d26c-4227-bc3b-332731c4b808",
                        "attributes": {
                            "attachment.#": "0",
                            "availability_zone": "eu-de-1a",
                            "description": "Volume for App server",
                            "id": "cc91e36b-d26c-4227-bc3b-332731c4b808",
                            "metadata.%": "0",
                            "name": "vol_app",
                            "region": "eu-de-1",
                            "size": "161",
                            "snapshot_id": "",
                            "source_vol_id": "",
                            "volume_type": "vmware"
                        },
                        "meta": {},
                        "tainted": false
                    },
                    "deposed": [],
                    "provider": ""
                },
                "openstack_blockstorage_volume_v2.vol_db": {
                    "type": "openstack_blockstorage_volume_v2",
                    "depends_on": [],
                    "primary": {
                        "id": "c8915096-e5da-4caf-85f0-7df75a8f922c",
                        "attributes": {
                            "attachment.#": "0",
                            "availability_zone": "eu-de-1a",
                            "description": "Volume for DB server",
                            "id": "c8915096-e5da-4caf-85f0-7df75a8f922c",
                            "metadata.%": "0",
                            "name": "vol_db",
                            "region": "eu-de-1",
                            "size": "301",
                            "snapshot_id": "",
                            "source_vol_id": "",
                            "volume_type": "vmware"
                        },
                        "meta": {},
                        "tainted": false
                    },
                    "deposed": [],
                    "provider": ""
                },
                "openstack_compute_instance_v2.app_instance": {
                    "type": "openstack_compute_instance_v2",
                    "depends_on": [
                        "openstack_blockstorage_volume_v2.vol_app",
                        "openstack_networking_floatingip_v2.app_ip"
                    ],
                    "primary": {
                        "id": "00abb5f1-9b03-41a5-94bb-a91c38069630",
                        "attributes": {
                            "access_ip_v4": "10.47.0.55",
                            "access_ip_v6": "",
                            "flavor_id": "40",
                            "flavor_name": "m1.large",
                            "id": "00abb5f1-9b03-41a5-94bb-a91c38069630",
                            "image_id": "57a760d5-f0f8-47a6-9919-5b514b1678d6",
                            "image_name": "sles-12-sp1-amd64-vmware-build85",
                            "key_pair": "Idan-Pub2",
                            "metadata.%": "2",
                            "metadata.category": "hana",
                            "metadata.color": "red",
                            "name": "idan-s4h-app",
                            "network.#": "1",
                            "network.0.access_network": "true",
                            "network.0.fixed_ip_v4": "10.180.1.36",
                            "network.0.fixed_ip_v6": "",
                            "network.0.floating_ip": "10.47.0.55",
                            "network.0.mac": "fa:16:3e:60:60:a1",
                            "network.0.name": "Private-corp-sap-shared-01",
                            "network.0.port": "",
                            "network.0.uuid": "431361d3-e329-4f1b-9135-2819a3e9c6cd",
                            "region": "eu-de-1",
                            "security_groups.#": "1",
                            "security_groups.3814588639": "default",
                            "stop_before_destroy": "false",
                            "user_data": "9adc466017cf09613dd3753797de2b4aa864e6af",
                            "volume.#": "1",
                            "volume.1317008196.device": "/dev/sdc",
                            "volume.1317008196.id": "cc91e36b-d26c-4227-bc3b-332731c4b808",
                            "volume.1317008196.volume_id": "cc91e36b-d26c-4227-bc3b-332731c4b808"
                        },
                        "meta": {},
                        "tainted": false
                    },
                    "deposed": [],
                    "provider": ""
                },
                "openstack_compute_instance_v2.db_instance": {
                    "type": "openstack_compute_instance_v2",
                    "depends_on": [
                        "openstack_blockstorage_volume_v2.vol_db",
                        "openstack_networking_floatingip_v2.db_ip"
                    ],
                    "primary": {
                        "id": "b31a2c10-3d94-42c4-b9a4-8ac66aa666ce",
                        "attributes": {
                            "access_ip_v4": "10.47.0.77",
                            "access_ip_v6": "",
                            "flavor_id": "90",
                            "flavor_name": "x1.memory",
                            "id": "b31a2c10-3d94-42c4-b9a4-8ac66aa666ce",
                            "image_id": "57a760d5-f0f8-47a6-9919-5b514b1678d6",
                            "image_name": "sles-12-sp1-amd64-vmware-build85",
                            "key_pair": "Idan-Pub2",
                            "metadata.%": "0",
                            "name": "idan-s4h-db",
                            "network.#": "1",
                            "network.0.access_network": "true",
                            "network.0.fixed_ip_v4": "10.180.1.35",
                            "network.0.fixed_ip_v6": "",
                            "network.0.floating_ip": "10.47.0.77",
                            "network.0.mac": "fa:16:3e:e5:bf:7b",
                            "network.0.name": "Private-corp-sap-shared-01",
                            "network.0.port": "",
                            "network.0.uuid": "431361d3-e329-4f1b-9135-2819a3e9c6cd",
                            "region": "eu-de-1",
                            "security_groups.#": "1",
                            "security_groups.3814588639": "default",
                            "stop_before_destroy": "false",
                            "user_data": "4857e319a6908a16f62a1eea28427876973049e7",
                            "volume.#": "1",
                            "volume.872743472.device": "/dev/sdc",
                            "volume.872743472.id": "c8915096-e5da-4caf-85f0-7df75a8f922c",
                            "volume.872743472.volume_id": "c8915096-e5da-4caf-85f0-7df75a8f922c"
                        },
                        "meta": {},
                        "tainted": false
                    },
                    "deposed": [],
                    "provider": ""
                },
                "openstack_networking_floatingip_v2.app_ip": {
                    "type": "openstack_networking_floatingip_v2",
                    "depends_on": [],
                    "primary": {
                        "id": "5ec48231-fdd1-4da1-8388-596195aaff83",
                        "attributes": {
                            "address": "10.47.0.55",
                            "fixed_ip": "",
                            "id": "5ec48231-fdd1-4da1-8388-596195aaff83",
                            "pool": "FloatingIP-internal-monsoon3",
                            "port_id": "",
                            "region": "eu-de-1",
                            "tenant_id": "84e5a94e28854217888ca689ad9f9000"
                        },
                        "meta": {},
                        "tainted": false
                    },
                    "deposed": [],
                    "provider": ""
                },
                "openstack_networking_floatingip_v2.db_ip": {
                    "type": "openstack_networking_floatingip_v2",
                    "depends_on": [],
                    "primary": {
                        "id": "8b423c5f-9383-47d1-8bea-4401955b7db4",
                        "attributes": {
                            "address": "10.47.0.77",
                            "fixed_ip": "",
                            "id": "8b423c5f-9383-47d1-8bea-4401955b7db4",
                            "pool": "FloatingIP-internal-monsoon3",
                            "port_id": "",
                            "region": "eu-de-1",
                            "tenant_id": "84e5a94e28854217888ca689ad9f9000"
                        },
                        "meta": {},
                        "tainted": false
                    },
                    "deposed": [],
                    "provider": ""
                }
            },
            "depends_on": []
        }
    ]
}
