{
    "version": 3,
    "terraform_version": "0.8.7",
    "serial": 62,
    "lineage": "ef6257c0-7857-4cec-963e-419533873510",
    "modules": [
        {
            "path": [
                "root"
            ],
            "outputs": {},
            "resources": {
                "openstack_networking_floatingip_v2.app_ip": {
                    "type": "openstack_networking_floatingip_v2",
                    "depends_on": [],
                    "primary": {
                        "id": "77471000-b4c3-4bc9-99f0-dab128c72758",
                        "attributes": {
                            "address": "10.47.1.34",
                            "fixed_ip": "",
                            "id": "77471000-b4c3-4bc9-99f0-dab128c72758",
                            "pool": "FloatingIP-internal-monsoon3",
                            "port_id": "",
                            "region": "eu-de-1",
                            "tenant_id": "84e5a94e28854217888ca689ad9f9000"
                        },
                        "meta": {},
                        "tainted": false
                    },
                    "deposed": [],
                    "provider": ""
                },
                "openstack_networking_floatingip_v2.db_ip": {
                    "type": "openstack_networking_floatingip_v2",
                    "depends_on": [],
                    "primary": {
                        "id": "8e2aef10-04a0-417f-b8f8-8ad8ec26628a",
                        "attributes": {
                            "address": "10.47.1.29",
                            "fixed_ip": "",
                            "id": "8e2aef10-04a0-417f-b8f8-8ad8ec26628a",
                            "pool": "FloatingIP-internal-monsoon3",
                            "port_id": "",
                            "region": "eu-de-1",
                            "tenant_id": "84e5a94e28854217888ca689ad9f9000"
                        },
                        "meta": {},
                        "tainted": false
                    },
                    "deposed": [],
                    "provider": ""
                }
            },
            "depends_on": []
        }
    ]
}
