{
    "version": 3,
    "terraform_version": "0.8.7",
    "serial": 50,
    "lineage": "ef6257c0-7857-4cec-963e-419533873510",
    "modules": [
        {
            "path": [
                "root"
            ],
            "outputs": {
                "app_instance_id": {
                    "sensitive": false,
                    "type": "string",
                    "value": "63c34700-2333-4805-9087-7e3ac6bf9629"
                },
                "app_instance_name": {
                    "sensitive": false,
                    "type": "string",
                    "value": "idan-s4happ"
                }
            },
            "resources": {
                "null_resource.app": {
                    "type": "null_resource",
                    "depends_on": [
                        "openstack_compute_instance_v2.app_instance",
                        "openstack_compute_instance_v2.app_instance",
                        "openstack_compute_instance_v2.app_instance",
                        "openstack_compute_instance_v2.app_instance",
                        "openstack_networking_floatingip_v2.app_ip",
                        "openstack_networking_floatingip_v2.app_ip",
                        "openstack_networking_floatingip_v2.app_ip",
                        "openstack_networking_floatingip_v2.app_ip"
                    ],
                    "primary": {
                        "id": "2469445404628698987",
                        "attributes": {
                            "id": "2469445404628698987",
                            "triggers.%": "1",
                            "triggers.web_instance_id": "63c34700-2333-4805-9087-7e3ac6bf9629"
                        },
                        "meta": {},
                        "tainted": true
                    },
                    "deposed": [],
                    "provider": ""
                },
                "null_resource.db": {
                    "type": "null_resource",
                    "depends_on": [
                        "openstack_compute_instance_v2.db_instance",
                        "openstack_compute_instance_v2.db_instance",
                        "openstack_compute_instance_v2.db_instance",
                        "openstack_compute_instance_v2.db_instance",
                        "openstack_networking_floatingip_v2.db_ip",
                        "openstack_networking_floatingip_v2.db_ip",
                        "openstack_networking_floatingip_v2.db_ip",
                        "openstack_networking_floatingip_v2.db_ip"
                    ],
                    "primary": {
                        "id": "792011484469001265",
                        "attributes": {
                            "id": "792011484469001265",
                            "triggers.%": "1",
                            "triggers.db_instance_id": "ed0842c9-1683-43a9-98ad-9d5eae7a237f"
                        },
                        "meta": {},
                        "tainted": false
                    },
                    "deposed": [],
                    "provider": ""
                },
                "openstack_compute_instance_v2.app_instance": {
                    "type": "openstack_compute_instance_v2",
                    "depends_on": [
                        "openstack_networking_floatingip_v2.app_ip"
                    ],
                    "primary": {
                        "id": "63c34700-2333-4805-9087-7e3ac6bf9629",
                        "attributes": {
                            "access_ip_v4": "10.47.1.19",
                            "access_ip_v6": "",
                            "flavor_id": "40",
                            "flavor_name": "m1.large",
                            "id": "63c34700-2333-4805-9087-7e3ac6bf9629",
                            "image_id": "57a760d5-f0f8-47a6-9919-5b514b1678d6",
                            "image_name": "sles-12-sp1-amd64-vmware-build85",
                            "key_pair": "Idan-Pub2",
                            "metadata.%": "2",
                            "metadata.category": "hana",
                            "metadata.color": "red",
                            "name": "idan-s4happ",
                            "network.#": "1",
                            "network.0.access_network": "true",
                            "network.0.fixed_ip_v4": "10.180.0.222",
                            "network.0.fixed_ip_v6": "",
                            "network.0.floating_ip": "10.47.1.19",
                            "network.0.mac": "fa:16:3e:81:4e:d5",
                            "network.0.name": "Private-corp-sap-shared-01",
                            "network.0.port": "",
                            "network.0.uuid": "431361d3-e329-4f1b-9135-2819a3e9c6cd",
                            "region": "eu-de-1",
                            "security_groups.#": "1",
                            "security_groups.3814588639": "default",
                            "stop_before_destroy": "false",
                            "user_data": "9adc466017cf09613dd3753797de2b4aa864e6af",
                            "volume.#": "0"
                        },
                        "meta": {},
                        "tainted": false
                    },
                    "deposed": [],
                    "provider": ""
                },
                "openstack_compute_instance_v2.db_instance": {
                    "type": "openstack_compute_instance_v2",
                    "depends_on": [
                        "openstack_networking_floatingip_v2.db_ip"
                    ],
                    "primary": {
                        "id": "ed0842c9-1683-43a9-98ad-9d5eae7a237f",
                        "attributes": {
                            "access_ip_v4": "10.47.1.7",
                            "access_ip_v6": "",
                            "flavor_id": "90",
                            "flavor_name": "x1.memory",
                            "id": "ed0842c9-1683-43a9-98ad-9d5eae7a237f",
                            "image_id": "57a760d5-f0f8-47a6-9919-5b514b1678d6",
                            "image_name": "sles-12-sp1-amd64-vmware-build85",
                            "key_pair": "Idan-Pub2",
                            "metadata.%": "0",
                            "name": "idan-s4h-db",
                            "network.#": "1",
                            "network.0.access_network": "true",
                            "network.0.fixed_ip_v4": "10.180.0.221",
                            "network.0.fixed_ip_v6": "",
                            "network.0.floating_ip": "10.47.1.7",
                            "network.0.mac": "fa:16:3e:80:c2:fa",
                            "network.0.name": "Private-corp-sap-shared-01",
                            "network.0.port": "",
                            "network.0.uuid": "431361d3-e329-4f1b-9135-2819a3e9c6cd",
                            "region": "eu-de-1",
                            "security_groups.#": "1",
                            "security_groups.3814588639": "default",
                            "stop_before_destroy": "false",
                            "volume.#": "0"
                        },
                        "meta": {},
                        "tainted": false
                    },
                    "deposed": [],
                    "provider": ""
                },
                "openstack_networking_floatingip_v2.app_ip": {
                    "type": "openstack_networking_floatingip_v2",
                    "depends_on": [],
                    "primary": {
                        "id": "f611a357-1ad6-4e22-a788-e555ac7ad435",
                        "attributes": {
                            "address": "10.47.1.19",
                            "fixed_ip": "",
                            "id": "f611a357-1ad6-4e22-a788-e555ac7ad435",
                            "pool": "FloatingIP-internal-monsoon3",
                            "port_id": "",
                            "region": "eu-de-1",
                            "tenant_id": "84e5a94e28854217888ca689ad9f9000"
                        },
                        "meta": {},
                        "tainted": false
                    },
                    "deposed": [],
                    "provider": ""
                },
                "openstack_networking_floatingip_v2.db_ip": {
                    "type": "openstack_networking_floatingip_v2",
                    "depends_on": [],
                    "primary": {
                        "id": "fcbc2fb6-e72c-42a5-b533-bfd65004a953",
                        "attributes": {
                            "address": "10.47.1.7",
                            "fixed_ip": "",
                            "id": "fcbc2fb6-e72c-42a5-b533-bfd65004a953",
                            "pool": "FloatingIP-internal-monsoon3",
                            "port_id": "",
                            "region": "eu-de-1",
                            "tenant_id": "84e5a94e28854217888ca689ad9f9000"
                        },
                        "meta": {},
                        "tainted": false
                    },
                    "deposed": [],
                    "provider": ""
                }
            },
            "depends_on": []
        }
    ]
}
